// !$*UTF8*$!
{
	archiveVersion = 1;
	classes = {
	};
	objectVersion = 52;
	objects = {

/* Begin PBXBuildFile section */
		301CDE4626CA40C9003C9B39 /* SelectLevelViewController.swift in Sources */ = {isa = PBXBuildFile; fileRef = 301CDE4526CA40C9003C9B39 /* SelectLevelViewController.swift */; };
		301CDE5726CA4760003C9B39 /* PromisesObjC.xcframework in Frameworks */ = {isa = PBXBuildFile; fileRef = 301CDE5126CA475D003C9B39 /* PromisesObjC.xcframework */; };
		301CDE5826CA4760003C9B39 /* GoogleAppMeasurement.xcframework in Frameworks */ = {isa = PBXBuildFile; fileRef = 301CDE5226CA475D003C9B39 /* GoogleAppMeasurement.xcframework */; };
		301CDE5926CA4760003C9B39 /* GoogleMobileAds.xcframework in Frameworks */ = {isa = PBXBuildFile; fileRef = 301CDE5326CA475E003C9B39 /* GoogleMobileAds.xcframework */; };
		301CDE5A26CA4760003C9B39 /* GoogleUtilities.xcframework in Frameworks */ = {isa = PBXBuildFile; fileRef = 301CDE5426CA475E003C9B39 /* GoogleUtilities.xcframework */; };
		301CDE5B26CA4760003C9B39 /* UserMessagingPlatform.xcframework in Frameworks */ = {isa = PBXBuildFile; fileRef = 301CDE5526CA475F003C9B39 /* UserMessagingPlatform.xcframework */; };
		301CDE5C26CA4760003C9B39 /* nanopb.xcframework in Frameworks */ = {isa = PBXBuildFile; fileRef = 301CDE5626CA475F003C9B39 /* nanopb.xcframework */; };
		301CDE6026CA49A6003C9B39 /* quiz2.csv in Resources */ = {isa = PBXBuildFile; fileRef = 301CDE5D26CA49A5003C9B39 /* quiz2.csv */; };
		301CDE6126CA49A6003C9B39 /* quiz1.csv in Resources */ = {isa = PBXBuildFile; fileRef = 301CDE5E26CA49A6003C9B39 /* quiz1.csv */; };
		301CDE6226CA49A6003C9B39 /* quiz3.csv in Resources */ = {isa = PBXBuildFile; fileRef = 301CDE5F26CA49A6003C9B39 /* quiz3.csv */; };
		3047E66726C8E9AC00F46550 /* AppDelegate.swift in Sources */ = {isa = PBXBuildFile; fileRef = 3047E66626C8E9AC00F46550 /* AppDelegate.swift */; };
		3047E66926C8E9AC00F46550 /* SceneDelegate.swift in Sources */ = {isa = PBXBuildFile; fileRef = 3047E66826C8E9AC00F46550 /* SceneDelegate.swift */; };
		3047E66B26C8E9AC00F46550 /* ViewController.swift in Sources */ = {isa = PBXBuildFile; fileRef = 3047E66A26C8E9AC00F46550 /* ViewController.swift */; };
		3047E66E26C8E9AC00F46550 /* Main.storyboard in Resources */ = {isa = PBXBuildFile; fileRef = 3047E66C26C8E9AC00F46550 /* Main.storyboard */; };
		3047E67026C8E9B100F46550 /* Assets.xcassets in Resources */ = {isa = PBXBuildFile; fileRef = 3047E66F26C8E9B100F46550 /* Assets.xcassets */; };
		3047E67326C8E9B100F46550 /* LaunchScreen.storyboard in Resources */ = {isa = PBXBuildFile; fileRef = 3047E67126C8E9B100F46550 /* LaunchScreen.storyboard */; };
		3047E67B26C8EF4200F46550 /* QuizViewController.swift in Sources */ = {isa = PBXBuildFile; fileRef = 3047E67A26C8EF4200F46550 /* QuizViewController.swift */; };
		3047E67D26C8EFA600F46550 /* ScoreViewController.swift in Sources */ = {isa = PBXBuildFile; fileRef = 3047E67C26C8EFA600F46550 /* ScoreViewController.swift */; };
		3047E68326C930F700F46550 /* correct.png in Resources */ = {isa = PBXBuildFile; fileRef = 3047E68126C930F600F46550 /* correct.png */; };
		3047E68426C930F700F46550 /* incorrect.png in Resources */ = {isa = PBXBuildFile; fileRef = 3047E68226C930F600F46550 /* incorrect.png */; };
		30E5BBC326CA63E0000498EA /* launchImageView.png in Resources */ = {isa = PBXBuildFile; fileRef = 30E5BBC226CA63E0000498EA /* launchImageView.png */; };
/* End PBXBuildFile section */

/* Begin PBXFileReference section */
		301CDE4526CA40C9003C9B39 /* SelectLevelViewController.swift */ = {isa = PBXFileReference; lastKnownFileType = sourcecode.swift; path = SelectLevelViewController.swift; sourceTree = "<group>"; };
		301CDE5126CA475D003C9B39 /* PromisesObjC.xcframework */ = {isa = PBXFileReference; lastKnownFileType = wrapper.xcframework; path = PromisesObjC.xcframework; sourceTree = "<group>"; };
		301CDE5226CA475D003C9B39 /* GoogleAppMeasurement.xcframework */ = {isa = PBXFileReference; lastKnownFileType = wrapper.xcframework; path = GoogleAppMeasurement.xcframework; sourceTree = "<group>"; };
		301CDE5326CA475E003C9B39 /* GoogleMobileAds.xcframework */ = {isa = PBXFileReference; lastKnownFileType = wrapper.xcframework; path = GoogleMobileAds.xcframework; sourceTree = "<group>"; };
		301CDE5426CA475E003C9B39 /* GoogleUtilities.xcframework */ = {isa = PBXFileReference; lastKnownFileType = wrapper.xcframework; path = GoogleUtilities.xcframework; sourceTree = "<group>"; };
		301CDE5526CA475F003C9B39 /* UserMessagingPlatform.xcframework */ = {isa = PBXFileReference; lastKnownFileType = wrapper.xcframework; path = UserMessagingPlatform.xcframework; sourceTree = "<group>"; };
		301CDE5626CA475F003C9B39 /* nanopb.xcframework */ = {isa = PBXFileReference; lastKnownFileType = wrapper.xcframework; path = nanopb.xcframework; sourceTree = "<group>"; };
		301CDE5D26CA49A5003C9B39 /* quiz2.csv */ = {isa = PBXFileReference; lastKnownFileType = text; path = quiz2.csv; sourceTree = SOURCE_ROOT; };
		301CDE5E26CA49A6003C9B39 /* quiz1.csv */ = {isa = PBXFileReference; lastKnownFileType = text; path = quiz1.csv; sourceTree = SOURCE_ROOT; };
		301CDE5F26CA49A6003C9B39 /* quiz3.csv */ = {isa = PBXFileReference; lastKnownFileType = text; path = quiz3.csv; sourceTree = SOURCE_ROOT; };
		3047E66326C8E9AC00F46550 /* QuizApp.app */ = {isa = PBXFileReference; explicitFileType = wrapper.application; includeInIndex = 0; path = QuizApp.app; sourceTree = BUILT_PRODUCTS_DIR; };
		3047E66626C8E9AC00F46550 /* AppDelegate.swift */ = {isa = PBXFileReference; lastKnownFileType = sourcecode.swift; path = AppDelegate.swift; sourceTree = "<group>"; };
		3047E66826C8E9AC00F46550 /* SceneDelegate.swift */ = {isa = PBXFileReference; lastKnownFileType = sourcecode.swift; path = SceneDelegate.swift; sourceTree = "<group>"; };
		3047E66A26C8E9AC00F46550 /* ViewController.swift */ = {isa = PBXFileReference; lastKnownFileType = sourcecode.swift; path = ViewController.swift; sourceTree = "<group>"; };
		3047E66D26C8E9AC00F46550 /* Base */ = {isa = PBXFileReference; lastKnownFileType = file.storyboard; name = Base; path = Base.lproj/Main.storyboard; sourceTree = "<group>"; };
		3047E66F26C8E9B100F46550 /* Assets.xcassets */ = {isa = PBXFileReference; lastKnownFileType = folder.assetcatalog; path = Assets.xcassets; sourceTree = "<group>"; };
		3047E67226C8E9B100F46550 /* Base */ = {isa = PBXFileReference; lastKnownFileType = file.storyboard; name = Base; path = Base.lproj/LaunchScreen.storyboard; sourceTree = "<group>"; };
		3047E67426C8E9B100F46550 /* Info.plist */ = {isa = PBXFileReference; lastKnownFileType = text.plist.xml; path = Info.plist; sourceTree = "<group>"; };
		3047E67A26C8EF4200F46550 /* QuizViewController.swift */ = {isa = PBXFileReference; lastKnownFileType = sourcecode.swift; path = QuizViewController.swift; sourceTree = "<group>"; };
		3047E67C26C8EFA600F46550 /* ScoreViewController.swift */ = {isa = PBXFileReference; lastKnownFileType = sourcecode.swift; path = ScoreViewController.swift; sourceTree = "<group>"; };
		3047E68126C930F600F46550 /* correct.png */ = {isa = PBXFileReference; lastKnownFileType = image.png; path = correct.png; sourceTree = "<group>"; };
		3047E68226C930F600F46550 /* incorrect.png */ = {isa = PBXFileReference; lastKnownFileType = image.png; path = incorrect.png; sourceTree = "<group>"; };
		30E5BBC226CA63E0000498EA /* launchImageView.png */ = {isa = PBXFileReference; lastKnownFileType = image.png; path = launchImageView.png; sourceTree = "<group>"; };
/* End PBXFileReference section */

/* Begin PBXFrameworksBuildPhase section */
		3047E66026C8E9AC00F46550 /* Frameworks */ = {
			isa = PBXFrameworksBuildPhase;
			buildActionMask = 2147483647;
			files = (
				301CDE5826CA4760003C9B39 /* GoogleAppMeasurement.xcframework in Frameworks */,
				301CDE5B26CA4760003C9B39 /* UserMessagingPlatform.xcframework in Frameworks */,
				301CDE5C26CA4760003C9B39 /* nanopb.xcframework in Frameworks */,
				301CDE5726CA4760003C9B39 /* PromisesObjC.xcframework in Frameworks */,
				301CDE5A26CA4760003C9B39 /* GoogleUtilities.xcframework in Frameworks */,
				301CDE5926CA4760003C9B39 /* GoogleMobileAds.xcframework in Frameworks */,
			);
			runOnlyForDeploymentPostprocessing = 0;
		};
/* End PBXFrameworksBuildPhase section */

/* Begin PBXGroup section */
		3047E65A26C8E9AC00F46550 = {
			isa = PBXGroup;
			children = (
				3047E66526C8E9AC00F46550 /* QuizApp */,
				3047E66426C8E9AC00F46550 /* Products */,
			);
			sourceTree = "<group>";
		};
		3047E66426C8E9AC00F46550 /* Products */ = {
			isa = PBXGroup;
			children = (
				3047E66326C8E9AC00F46550 /* QuizApp.app */,
			);
			name = Products;
			sourceTree = "<group>";
		};
		3047E66526C8E9AC00F46550 /* QuizApp */ = {
			isa = PBXGroup;
			children = (
				301CDE5226CA475D003C9B39 /* GoogleAppMeasurement.xcframework */,
				301CDE5326CA475E003C9B39 /* GoogleMobileAds.xcframework */,
				301CDE5426CA475E003C9B39 /* GoogleUtilities.xcframework */,
				301CDE5626CA475F003C9B39 /* nanopb.xcframework */,
				301CDE5126CA475D003C9B39 /* PromisesObjC.xcframework */,
				301CDE5526CA475F003C9B39 /* UserMessagingPlatform.xcframework */,
				3047E66626C8E9AC00F46550 /* AppDelegate.swift */,
				3047E66826C8E9AC00F46550 /* SceneDelegate.swift */,
				3047E66A26C8E9AC00F46550 /* ViewController.swift */,
				3047E66C26C8E9AC00F46550 /* Main.storyboard */,
				301CDE4526CA40C9003C9B39 /* SelectLevelViewController.swift */,
				3047E67C26C8EFA600F46550 /* ScoreViewController.swift */,
				301CDE5E26CA49A6003C9B39 /* quiz1.csv */,
				301CDE5D26CA49A5003C9B39 /* quiz2.csv */,
				301CDE5F26CA49A6003C9B39 /* quiz3.csv */,
				3047E67A26C8EF4200F46550 /* QuizViewController.swift */,
				3047E66F26C8E9B100F46550 /* Assets.xcassets */,
				3047E67126C8E9B100F46550 /* LaunchScreen.storyboard */,
				3047E67426C8E9B100F46550 /* Info.plist */,
				30E5BBC226CA63E0000498EA /* launchImageView.png */,
				3047E68026C930F600F46550 /* image */,
			);
			path = QuizApp;
			sourceTree = "<group>";
		};
		3047E68026C930F600F46550 /* image */ = {
			isa = PBXGroup;
			children = (
				3047E68126C930F600F46550 /* correct.png */,
				3047E68226C930F600F46550 /* incorrect.png */,
			);
			path = image;
			sourceTree = "<group>";
		};
/* End PBXGroup section */

/* Begin PBXNativeTarget section */
		3047E66226C8E9AC00F46550 /* QuizApp */ = {
			isa = PBXNativeTarget;
			buildConfigurationList = 3047E67726C8E9B100F46550 /* Build configuration list for PBXNativeTarget "QuizApp" */;
			buildPhases = (
				3047E65F26C8E9AC00F46550 /* Sources */,
				3047E66026C8E9AC00F46550 /* Frameworks */,
				3047E66126C8E9AC00F46550 /* Resources */,
			);
			buildRules = (
			);
			dependencies = (
			);
			name = QuizApp;
			productName = QuizApp;
			productReference = 3047E66326C8E9AC00F46550 /* QuizApp.app */;
			productType = "com.apple.product-type.application";
		};
/* End PBXNativeTarget section */

/* Begin PBXProject section */
		3047E65B26C8E9AC00F46550 /* Project object */ = {
			isa = PBXProject;
			attributes = {
				LastSwiftUpdateCheck = 1250;
				LastUpgradeCheck = 1250;
				TargetAttributes = {
					3047E66226C8E9AC00F46550 = {
						CreatedOnToolsVersion = 12.5.1;
					};
				};
			};
			buildConfigurationList = 3047E65E26C8E9AC00F46550 /* Build configuration list for PBXProject "QuizApp" */;
			compatibilityVersion = "Xcode 9.3";
			developmentRegion = en;
			hasScannedForEncodings = 0;
			knownRegions = (
				en,
				Base,
			);
			mainGroup = 3047E65A26C8E9AC00F46550;
			productRefGroup = 3047E66426C8E9AC00F46550 /* Products */;
			projectDirPath = "";
			projectRoot = "";
			targets = (
				3047E66226C8E9AC00F46550 /* QuizApp */,
			);
		};
/* End PBXProject section */

/* Begin PBXResourcesBuildPhase section */
		3047E66126C8E9AC00F46550 /* Resources */ = {
			isa = PBXResourcesBuildPhase;
			buildActionMask = 2147483647;
			files = (
				30E5BBC326CA63E0000498EA /* launchImageView.png in Resources */,
				3047E68326C930F700F46550 /* correct.png in Resources */,
				3047E68426C930F700F46550 /* incorrect.png in Resources */,
				301CDE6026CA49A6003C9B39 /* quiz2.csv in Resources */,
				301CDE6126CA49A6003C9B39 /* quiz1.csv in Resources */,
				3047E67326C8E9B100F46550 /* LaunchScreen.storyboard in Resources */,
				3047E67026C8E9B100F46550 /* Assets.xcassets in Resources */,
				3047E66E26C8E9AC00F46550 /* Main.storyboard in Resources */,
				301CDE6226CA49A6003C9B39 /* quiz3.csv in Resources */,
			);
			runOnlyForDeploymentPostprocessing = 0;
		};
/* End PBXResourcesBuildPhase section */

/* Begin PBXSourcesBuildPhase section */
		3047E65F26C8E9AC00F46550 /* Sources */ = {
			isa = PBXSourcesBuildPhase;
			buildActionMask = 2147483647;
			files = (
				3047E66B26C8E9AC00F46550 /* ViewController.swift in Sources */,
				3047E66726C8E9AC00F46550 /* AppDelegate.swift in Sources */,
				3047E67D26C8EFA600F46550 /* ScoreViewController.swift in Sources */,
				3047E66926C8E9AC00F46550 /* SceneDelegate.swift in Sources */,
				3047E67B26C8EF4200F46550 /* QuizViewController.swift in Sources */,
				301CDE4626CA40C9003C9B39 /* SelectLevelViewController.swift in Sources */,
			);
			runOnlyForDeploymentPostprocessing = 0;
		};
/* End PBXSourcesBuildPhase section */

/* Begin PBXVariantGroup section */
		3047E66C26C8E9AC00F46550 /* Main.storyboard */ = {
			isa = PBXVariantGroup;
			children = (
				3047E66D26C8E9AC00F46550 /* Base */,
			);
			name = Main.storyboard;
			sourceTree = "<group>";
		};
		3047E67126C8E9B100F46550 /* LaunchScreen.storyboard */ = {
			isa = PBXVariantGroup;
			children = (
				3047E67226C8E9B100F46550 /* Base */,
			);
			name = LaunchScreen.storyboard;
			sourceTree = "<group>";
		};
/* End PBXVariantGroup section */

/* Begin XCBuildConfiguration section */
		3047E67526C8E9B100F46550 /* Debug */ = {
			isa = XCBuildConfiguration;
			buildSettings = {
				ALWAYS_SEARCH_USER_PATHS = NO;
				CLANG_ANALYZER_NONNULL = YES;
				CLANG_ANALYZER_NUMBER_OBJECT_CONVERSION = YES_AGGRESSIVE;
				CLANG_CXX_LANGUAGE_STANDARD = "gnu++14";
				CLANG_CXX_LIBRARY = "libc++";
				CLANG_ENABLE_MODULES = YES;
				CLANG_ENABLE_OBJC_ARC = YES;
				CLANG_ENABLE_OBJC_WEAK = YES;
				CLANG_WARN_BLOCK_CAPTURE_AUTORELEASING = YES;
				CLANG_WARN_BOOL_CONVERSION = YES;
				CLANG_WARN_COMMA = YES;
				CLANG_WARN_CONSTANT_CONVERSION = YES;
				CLANG_WARN_DEPRECATED_OBJC_IMPLEMENTATIONS = YES;
				CLANG_WARN_DIRECT_OBJC_ISA_USAGE = YES_ERROR;
				CLANG_WARN_DOCUMENTATION_COMMENTS = YES;
				CLANG_WARN_EMPTY_BODY = YES;
				CLANG_WARN_ENUM_CONVERSION = YES;
				CLANG_WARN_INFINITE_RECURSION = YES;
				CLANG_WARN_INT_CONVERSION = YES;
				CLANG_WARN_NON_LITERAL_NULL_CONVERSION = YES;
				CLANG_WARN_OBJC_IMPLICIT_RETAIN_SELF = YES;
				CLANG_WARN_OBJC_LITERAL_CONVERSION = YES;
				CLANG_WARN_OBJC_ROOT_CLASS = YES_ERROR;
				CLANG_WARN_QUOTED_INCLUDE_IN_FRAMEWORK_HEADER = YES;
				CLANG_WARN_RANGE_LOOP_ANALYSIS = YES;
				CLANG_WARN_STRICT_PROTOTYPES = YES;
				CLANG_WARN_SUSPICIOUS_MOVE = YES;
				CLANG_WARN_UNGUARDED_AVAILABILITY = YES_AGGRESSIVE;
				CLANG_WARN_UNREACHABLE_CODE = YES;
				CLANG_WARN__DUPLICATE_METHOD_MATCH = YES;
				COPY_PHASE_STRIP = NO;
				DEBUG_INFORMATION_FORMAT = dwarf;
				ENABLE_STRICT_OBJC_MSGSEND = YES;
				ENABLE_TESTABILITY = YES;
				GCC_C_LANGUAGE_STANDARD = gnu11;
				GCC_DYNAMIC_NO_PIC = NO;
				GCC_NO_COMMON_BLOCKS = YES;
				GCC_OPTIMIZATION_LEVEL = 0;
				GCC_PREPROCESSOR_DEFINITIONS = (
					"DEBUG=1",
					"$(inherited)",
				);
				GCC_WARN_64_TO_32_BIT_CONVERSION = YES;
				GCC_WARN_ABOUT_RETURN_TYPE = YES_ERROR;
				GCC_WARN_UNDECLARED_SELECTOR = YES;
				GCC_WARN_UNINITIALIZED_AUTOS = YES_AGGRESSIVE;
				GCC_WARN_UNUSED_FUNCTION = YES;
				GCC_WARN_UNUSED_VARIABLE = YES;
				IPHONEOS_DEPLOYMENT_TARGET = 14.5;
				MTL_ENABLE_DEBUG_INFO = INCLUDE_SOURCE;
				MTL_FAST_MATH = YES;
				ONLY_ACTIVE_ARCH = YES;
				OTHER_LDFLAGS = "-ObjC";
				SDKROOT = iphoneos;
				SWIFT_ACTIVE_COMPILATION_CONDITIONS = DEBUG;
				SWIFT_OPTIMIZATION_LEVEL = "-Onone";
			};
			name = Debug;
		};
		3047E67626C8E9B100F46550 /* Release */ = {
			isa = XCBuildConfiguration;
			buildSettings = {
				ALWAYS_SEARCH_USER_PATHS = NO;
				CLANG_ANALYZER_NONNULL = YES;
				CLANG_ANALYZER_NUMBER_OBJECT_CONVERSION = YES_AGGRESSIVE;
				CLANG_CXX_LANGUAGE_STANDARD = "gnu++14";
				CLANG_CXX_LIBRARY = "libc++";
				CLANG_ENABLE_MODULES = YES;
				CLANG_ENABLE_OBJC_ARC = YES;
				CLANG_ENABLE_OBJC_WEAK = YES;
				CLANG_WARN_BLOCK_CAPTURE_AUTORELEASING = YES;
				CLANG_WARN_BOOL_CONVERSION = YES;
				CLANG_WARN_COMMA = YES;
				CLANG_WARN_CONSTANT_CONVERSION = YES;
				CLANG_WARN_DEPRECATED_OBJC_IMPLEMENTATIONS = YES;
				CLANG_WARN_DIRECT_OBJC_ISA_USAGE = YES_ERROR;
				CLANG_WARN_DOCUMENTATION_COMMENTS = YES;
				CLANG_WARN_EMPTY_BODY = YES;
				CLANG_WARN_ENUM_CONVERSION = YES;
				CLANG_WARN_INFINITE_RECURSION = YES;
				CLANG_WARN_INT_CONVERSION = YES;
				CLANG_WARN_NON_LITERAL_NULL_CONVERSION = YES;
				CLANG_WARN_OBJC_IMPLICIT_RETAIN_SELF = YES;
				CLANG_WARN_OBJC_LITERAL_CONVERSION = YES;
				CLANG_WARN_OBJC_ROOT_CLASS = YES_ERROR;
				CLANG_WARN_QUOTED_INCLUDE_IN_FRAMEWORK_HEADER = YES;
				CLANG_WARN_RANGE_LOOP_ANALYSIS = YES;
				CLANG_WARN_STRICT_PROTOTYPES = YES;
				CLANG_WARN_SUSPICIOUS_MOVE = YES;
				CLANG_WARN_UNGUARDED_AVAILABILITY = YES_AGGRESSIVE;
				CLANG_WARN_UNREACHABLE_CODE = YES;
				CLANG_WARN__DUPLICATE_METHOD_MATCH = YES;
				COPY_PHASE_STRIP = NO;
				DEBUG_INFORMATION_FORMAT = "dwarf-with-dsym";
				ENABLE_NS_ASSERTIONS = NO;
				ENABLE_STRICT_OBJC_MSGSEND = YES;
				GCC_C_LANGUAGE_STANDARD = gnu11;
				GCC_NO_COMMON_BLOCKS = YES;
				GCC_WARN_64_TO_32_BIT_CONVERSION = YES;
				GCC_WARN_ABOUT_RETURN_TYPE = YES_ERROR;
				GCC_WARN_UNDECLARED_SELECTOR = YES;
				GCC_WARN_UNINITIALIZED_AUTOS = YES_AGGRESSIVE;
				GCC_WARN_UNUSED_FUNCTION = YES;
				GCC_WARN_UNUSED_VARIABLE = YES;
				IPHONEOS_DEPLOYMENT_TARGET = 14.5;
				MTL_ENABLE_DEBUG_INFO = NO;
				MTL_FAST_MATH = YES;
				OTHER_LDFLAGS = "-ObjC";
				SDKROOT = iphoneos;
				SWIFT_COMPILATION_MODE = wholemodule;
				SWIFT_OPTIMIZATION_LEVEL = "-O";
				VALIDATE_PRODUCT = YES;
			};
			name = Release;
		};
		3047E67826C8E9B100F46550 /* Debug */ = {
			isa = XCBuildConfiguration;
			buildSettings = {
				ASSETCATALOG_COMPILER_APPICON_NAME = AppIcon;
				ASSETCATALOG_COMPILER_GLOBAL_ACCENT_COLOR_NAME = AccentColor;
				CODE_SIGN_STYLE = Automatic;
				DEVELOPMENT_TEAM = B7RG7SJ98F;
				INFOPLIST_FILE = QuizApp/Info.plist;
				LD_RUNPATH_SEARCH_PATHS = (
					"$(inherited)",
					"@executable_path/Frameworks",
				);
				PRODUCT_BUNDLE_IDENTIFIER = com.maropook.QuizApp;
				PRODUCT_NAME = "$(TARGET_NAME)";
				SWIFT_VERSION = 5.0;
				TARGETED_DEVICE_FAMILY = 1;
			};
			name = Debug;
		};
		3047E67926C8E9B100F46550 /* Release */ = {
			isa = XCBuildConfiguration;
			buildSettings = {
				ASSETCATALOG_COMPILER_APPICON_NAME = AppIcon;
				ASSETCATALOG_COMPILER_GLOBAL_ACCENT_COLOR_NAME = AccentColor;
				CODE_SIGN_STYLE = Automatic;
				DEVELOPMENT_TEAM = B7RG7SJ98F;
				INFOPLIST_FILE = QuizApp/Info.plist;
				LD_RUNPATH_SEARCH_PATHS = (
					"$(inherited)",
					"@executable_path/Frameworks",
				);
				PRODUCT_BUNDLE_IDENTIFIER = com.maropook.QuizApp;
				PRODUCT_NAME = "$(TARGET_NAME)";
				SWIFT_VERSION = 5.0;
				TARGETED_DEVICE_FAMILY = 1;
			};
			name = Release;
		};
/* End XCBuildConfiguration section */

/* Begin XCConfigurationList section */
		3047E65E26C8E9AC00F46550 /* Build configuration list for PBXProject "QuizApp" */ = {
			isa = XCConfigurationList;
			buildConfigurations = (
				3047E67526C8E9B100F46550 /* Debug */,
				3047E67626C8E9B100F46550 /* Release */,
			);
			defaultConfigurationIsVisible = 0;
			defaultConfigurationName = Release;
		};
		3047E67726C8E9B100F46550 /* Build configuration list for PBXNativeTarget "QuizApp" */ = {
			isa = XCConfigurationList;
			buildConfigurations = (
				3047E67826C8E9B100F46550 /* Debug */,
				3047E67926C8E9B100F46550 /* Release */,
			);
			defaultConfigurationIsVisible = 0;
			defaultConfigurationName = Release;
		};
/* End XCConfigurationList section */
	};
	rootObject = 3047E65B26C8E9AC00F46550 /* Project object */;
}
